{
  "name": "assignment-l3",
  "version": "1.0.0",
  "lockfileVersion": 3,
  "requires": true,
  "packages": {
    "": {
      "name": "assignment-l3",
      "version": "1.0.0",
      "license": "ISC",
      "dependencies": {
        "workouttrackerlib": "^1.0.1"
      }
    },
    "node_modules/workouttrackerlib": {
      "version": "1.0.1",
      "resolved": "https://registry.npmjs.org/workouttrackerlib/-/workouttrackerlib-1.0.1.tgz",
      "integrity": "sha512-YtLGQ3eoQIcN2ATl5SFRpQKUqSZ664kzeYwHtjsAuv5H4Wy7X8xZkWjUDRHZLQun0TxNcJHQosBJChMHGEtCDg==",
      "license": "MIT"
    }
  }
}
